
Microsoft Visual Studio Solution File, Format Version 12.00
# Visual Studio Version 16
VisualStudioVersion = 16.0.31729.503
MinimumVisualStudioVersion = 10.0.40219.1
Project("{FAE04EC0-301F-11D3-BF4B-00C04F79EFBC}") = "dotnet-razorpages", "dotnet-razorpages\dotnet-razorpages.csproj", "{AA6E2F81-CEEA-47F9-9D05-16A4CC1018DD}"
EndProject
Global
	GlobalSection(SolutionConfigurationPlatforms) = preSolution
		Debug|Any CPU = Debug|Any CPU
		Release|Any CPU = Release|Any CPU
	EndGlobalSection
	GlobalSection(ProjectConfigurationPlatforms) = postSolution
		{AA6E2F81-CEEA-47F9-9D05-16A4CC1018DD}.Debug|Any CPU.ActiveCfg = Debug|Any CPU
		{AA6E2F81-CEEA-47F9-9D05-16A4CC1018DD}.Debug|Any CPU.Build.0 = Debug|Any CPU
		{AA6E2F81-CEEA-47F9-9D05-16A4CC1018DD}.Release|Any CPU.ActiveCfg = Release|Any CPU
		{AA6E2F81-CEEA-47F9-9D05-16A4CC1018DD}.Release|Any CPU.Build.0 = Release|Any CPU
	EndGlobalSection
	GlobalSection(SolutionProperties) = preSolution
		HideSolutionNode = FALSE
	EndGlobalSection
	GlobalSection(ExtensibilityGlobals) = postSolution
		SolutionGuid = {84873FE4-3304-443F-9321-802C9394E2FF}
	EndGlobalSection
EndGlobal
